
Microsoft Visual Studio Solution File, Format Version 12.00
# Visual Studio Version 16
VisualStudioVersion = 16.0.29905.134
MinimumVisualStudioVersion = 10.0.40219.1
Project("{930C7802-8A8C-48F9-8165-68863BCCD9DD}") = "WixSetup", "WixSetup.wixproj", "{0C966886-22A5-4247-A5AB-391B421A1BD6}"
EndProject
Global
	GlobalSection(SolutionConfigurationPlatforms) = preSolution
		Debug|x86 = Debug|x86
		Release|x86 = Release|x86
	EndGlobalSection
	GlobalSection(ProjectConfigurationPlatforms) = postSolution
		{0C966886-22A5-4247-A5AB-391B421A1BD6}.Debug|x86.ActiveCfg = Debug|x86
		{0C966886-22A5-4247-A5AB-391B421A1BD6}.Debug|x86.Build.0 = Debug|x86
		{0C966886-22A5-4247-A5AB-391B421A1BD6}.Release|x86.ActiveCfg = Release|x86
		{0C966886-22A5-4247-A5AB-391B421A1BD6}.Release|x86.Build.0 = Release|x86
	EndGlobalSection
	GlobalSection(SolutionProperties) = preSolution
		HideSolutionNode = FALSE
	EndGlobalSection
	GlobalSection(ExtensibilityGlobals) = postSolution
		SolutionGuid = {C15F9E99-7ECE-4E07-846C-0BE6BDDD316C}
	EndGlobalSection
EndGlobal
